
Microsoft Visual Studio Solution File, Format Version 12.00
# Visual Studio 15
VisualStudioVersion = 15.0.27004.2005
MinimumVisualStudioVersion = 10.0.40219.1
Project("{9A19103F-16F7-4668-BE54-9A1E7A4F7556}") = "OldXmasFadecandy", "XmasFadecandy\OldXmasFadecandy.csproj", "{EB12E88B-D1EE-428C-82D7-56A92FBE3888}"
EndProject
Project("{9A19103F-16F7-4668-BE54-9A1E7A4F7556}") = "FadecandyController", "FadecandyController\FadecandyController.csproj", "{32369B53-65E1-480C-A0FF-AF7C7F2ADA86}"
EndProject
Global
	GlobalSection(SolutionConfigurationPlatforms) = preSolution
		Debug|Any CPU = Debug|Any CPU
		Release|Any CPU = Release|Any CPU
	EndGlobalSection
	GlobalSection(ProjectConfigurationPlatforms) = postSolution
		{EB12E88B-D1EE-428C-82D7-56A92FBE3888}.Debug|Any CPU.ActiveCfg = Debug|Any CPU
		{EB12E88B-D1EE-428C-82D7-56A92FBE3888}.Debug|Any CPU.Build.0 = Debug|Any CPU
		{EB12E88B-D1EE-428C-82D7-56A92FBE3888}.Release|Any CPU.ActiveCfg = Release|Any CPU
		{EB12E88B-D1EE-428C-82D7-56A92FBE3888}.Release|Any CPU.Build.0 = Release|Any CPU
		{32369B53-65E1-480C-A0FF-AF7C7F2ADA86}.Debug|Any CPU.ActiveCfg = Debug|Any CPU
		{32369B53-65E1-480C-A0FF-AF7C7F2ADA86}.Debug|Any CPU.Build.0 = Debug|Any CPU
		{32369B53-65E1-480C-A0FF-AF7C7F2ADA86}.Release|Any CPU.ActiveCfg = Release|Any CPU
		{32369B53-65E1-480C-A0FF-AF7C7F2ADA86}.Release|Any CPU.Build.0 = Release|Any CPU
	EndGlobalSection
	GlobalSection(SolutionProperties) = preSolution
		HideSolutionNode = FALSE
	EndGlobalSection
	GlobalSection(ExtensibilityGlobals) = postSolution
		SolutionGuid = {3C5E4264-BB7F-4214-AC1B-D7E2E64BB887}
	EndGlobalSection
EndGlobal
